// !$*UTF8*$!
{
	archiveVersion = 1;
	classes = {
	};
	objectVersion = 46;
	objects = {

/* Begin PBXBuildFile section */
		D6948C301DA7C84D00B33521 /* AppDelegate.swift in Sources */ = {isa = PBXBuildFile; fileRef = D6948C2F1DA7C84D00B33521 /* AppDelegate.swift */; };
		D6948C321DA7C84D00B33521 /* ViewController.swift in Sources */ = {isa = PBXBuildFile; fileRef = D6948C311DA7C84D00B33521 /* ViewController.swift */; };
		D6948C351DA7C84D00B33521 /* Main.storyboard in Resources */ = {isa = PBXBuildFile; fileRef = D6948C331DA7C84D00B33521 /* Main.storyboard */; };
		D6948C371DA7C84D00B33521 /* Assets.xcassets in Resources */ = {isa = PBXBuildFile; fileRef = D6948C361DA7C84D00B33521 /* Assets.xcassets */; };
		D6948C3A1DA7C84D00B33521 /* LaunchScreen.storyboard in Resources */ = {isa = PBXBuildFile; fileRef = D6948C381DA7C84D00B33521 /* LaunchScreen.storyboard */; };
/* End PBXBuildFile section */

/* Begin PBXFileReference section */
		D6948C2C1DA7C84D00B33521 /* DizainierSwift.app */ = {isa = PBXFileReference; explicitFileType = wrapper.application; includeInIndex = 0; path = DizainierSwift.app; sourceTree = BUILT_PRODUCTS_DIR; };
		D6948C2F1DA7C84D00B33521 /* AppDelegate.swift */ = {isa = PBXFileReference; lastKnownFileType = sourcecode.swift; path = AppDelegate.swift; sourceTree = "<group>"; };
		D6948C311DA7C84D00B33521 /* ViewController.swift */ = {isa = PBXFileReference; lastKnownFileType = sourcecode.swift; path = ViewController.swift; sourceTree = "<group>"; };
		D6948C341DA7C84D00B33521 /* Base */ = {isa = PBXFileReference; lastKnownFileType = file.storyboard; name = Base; path = Base.lproj/Main.storyboard; sourceTree = "<group>"; };
		D6948C361DA7C84D00B33521 /* Assets.xcassets */ = {isa = PBXFileReference; lastKnownFileType = folder.assetcatalog; path = Assets.xcassets; sourceTree = "<group>"; };
		D6948C391DA7C84D00B33521 /* Base */ = {isa = PBXFileReference; lastKnownFileType = file.storyboard; name = Base; path = Base.lproj/LaunchScreen.storyboard; sourceTree = "<group>"; };
		D6948C3B1DA7C84E00B33521 /* Info.plist */ = {isa = PBXFileReference; lastKnownFileType = text.plist.xml; path = Info.plist; sourceTree = "<group>"; };
/* End PBXFileReference section */

/* Begin PBXFrameworksBuildPhase section */
		D6948C291DA7C84D00B33521 /* Frameworks */ = {
			isa = PBXFrameworksBuildPhase;
			buildActionMask = 2147483647;
			files = (
			);
			runOnlyForDeploymentPostprocessing = 0;
		};
/* End PBXFrameworksBuildPhase section */

/* Begin PBXGroup section */
		D6948C231DA7C84D00B33521 = {
			isa = PBXGroup;
			children = (
				D6948C2E1DA7C84D00B33521 /* DizainierSwift */,
				D6948C2D1DA7C84D00B33521 /* Products */,
			);
			sourceTree = "<group>";
		};
		D6948C2D1DA7C84D00B33521 /* Products */ = {
			isa = PBXGroup;
			children = (
				D6948C2C1DA7C84D00B33521 /* DizainierSwift.app */,
			);
			name = Products;
			sourceTree = "<group>";
		};
		D6948C2E1DA7C84D00B33521 /* DizainierSwift */ = {
			isa = PBXGroup;
			children = (
				D6948C2F1DA7C84D00B33521 /* AppDelegate.swift */,
				D6948C311DA7C84D00B33521 /* ViewController.swift */,
				D6948C331DA7C84D00B33521 /* Main.storyboard */,
				D6948C361DA7C84D00B33521 /* Assets.xcassets */,
				D6948C381DA7C84D00B33521 /* LaunchScreen.storyboard */,
				D6948C3B1DA7C84E00B33521 /* Info.plist */,
			);
			path = DizainierSwift;
			sourceTree = "<group>";
		};
/* End PBXGroup section */

/* Begin PBXNativeTarget section */
		D6948C2B1DA7C84D00B33521 /* DizainierSwift */ = {
			isa = PBXNativeTarget;
			buildConfigurationList = D6948C3E1DA7C84E00B33521 /* Build configuration list for PBXNativeTarget "DizainierSwift" */;
			buildPhases = (
				D6948C281DA7C84D00B33521 /* Sources */,
				D6948C291DA7C84D00B33521 /* Frameworks */,
				D6948C2A1DA7C84D00B33521 /* Resources */,
			);
			buildRules = (
			);
			dependencies = (
			);
			name = DizainierSwift;
			productName = DizainierSwift;
			productReference = D6948C2C1DA7C84D00B33521 /* DizainierSwift.app */;
			productType = "com.apple.product-type.application";
		};
/* End PBXNativeTarget section */

/* Begin PBXProject section */
		D6948C241DA7C84D00B33521 /* Project object */ = {
			isa = PBXProject;
			attributes = {
				LastSwiftUpdateCheck = 0800;
				LastUpgradeCheck = 0800;
				ORGANIZATIONNAME = UPMC;
				TargetAttributes = {
					D6948C2B1DA7C84D00B33521 = {
						CreatedOnToolsVersion = 8.0;
						DevelopmentTeam = C9KCR6E2PZ;
						ProvisioningStyle = Automatic;
					};
				};
			};
			buildConfigurationList = D6948C271DA7C84D00B33521 /* Build configuration list for PBXProject "DizainierSwift" */;
			compatibilityVersion = "Xcode 3.2";
			developmentRegion = English;
			hasScannedForEncodings = 0;
			knownRegions = (
				en,
				Base,
			);
			mainGroup = D6948C231DA7C84D00B33521;
			productRefGroup = D6948C2D1DA7C84D00B33521 /* Products */;
			projectDirPath = "";
			projectRoot = "";
			targets = (
				D6948C2B1DA7C84D00B33521 /* DizainierSwift */,
			);
		};
/* End PBXProject section */

/* Begin PBXResourcesBuildPhase section */
		D6948C2A1DA7C84D00B33521 /* Resources */ = {
			isa = PBXResourcesBuildPhase;
			buildActionMask = 2147483647;
			files = (
				D6948C3A1DA7C84D00B33521 /* LaunchScreen.storyboard in Resources */,
				D6948C371DA7C84D00B33521 /* Assets.xcassets in Resources */,
				D6948C351DA7C84D00B33521 /* Main.storyboard in Resources */,
			);
			runOnlyForDeploymentPostprocessing = 0;
		};
/* End PBXResourcesBuildPhase section */

/* Begin PBXSourcesBuildPhase section */
		D6948C281DA7C84D00B33521 /* Sources */ = {
			isa = PBXSourcesBuildPhase;
			buildActionMask = 2147483647;
			files = (
				D6948C321DA7C84D00B33521 /* ViewController.swift in Sources */,
				D6948C301DA7C84D00B33521 /* AppDelegate.swift in Sources */,
			);
			runOnlyForDeploymentPostprocessing = 0;
		};
/* End PBXSourcesBuildPhase section */

/* Begin PBXVariantGroup section */
		D6948C331DA7C84D00B33521 /* Main.storyboard */ = {
			isa = PBXVariantGroup;
			children = (
				D6948C341DA7C84D00B33521 /* Base */,
			);
			name = Main.storyboard;
			sourceTree = "<group>";
		};
		D6948C381DA7C84D00B33521 /* LaunchScreen.storyboard */ = {
			isa = PBXVariantGroup;
			children = (
				D6948C391DA7C84D00B33521 /* Base */,
			);
			name = LaunchScreen.storyboard;
			sourceTree = "<group>";
		};
/* End PBXVariantGroup section */

/* Begin XCBuildConfiguration section */
		D6948C3C1DA7C84E00B33521 /* Debug */ = {
			isa = XCBuildConfiguration;
			buildSettings = {
				ALWAYS_SEARCH_USER_PATHS = NO;
				CLANG_ANALYZER_NONNULL = YES;
				CLANG_CXX_LANGUAGE_STANDARD = "gnu++0x";
				CLANG_CXX_LIBRARY = "libc++";
				CLANG_ENABLE_MODULES = YES;
				CLANG_ENABLE_OBJC_ARC = YES;
				CLANG_WARN_BOOL_CONVERSION = YES;
				CLANG_WARN_CONSTANT_CONVERSION = YES;
				CLANG_WARN_DIRECT_OBJC_ISA_USAGE = YES_ERROR;
				CLANG_WARN_DOCUMENTATION_COMMENTS = YES;
				CLANG_WARN_EMPTY_BODY = YES;
				CLANG_WARN_ENUM_CONVERSION = YES;
				CLANG_WARN_INFINITE_RECURSION = YES;
				CLANG_WARN_INT_CONVERSION = YES;
				CLANG_WARN_OBJC_ROOT_CLASS = YES_ERROR;
				CLANG_WARN_SUSPICIOUS_MOVES = YES;
				CLANG_WARN_UNREACHABLE_CODE = YES;
				CLANG_WARN__DUPLICATE_METHOD_MATCH = YES;
				"CODE_SIGN_IDENTITY[sdk=iphoneos*]" = "iPhone Developer";
				COPY_PHASE_STRIP = NO;
				DEBUG_INFORMATION_FORMAT = dwarf;
				ENABLE_STRICT_OBJC_MSGSEND = YES;
				ENABLE_TESTABILITY = YES;
				GCC_C_LANGUAGE_STANDARD = gnu99;
				GCC_DYNAMIC_NO_PIC = NO;
				GCC_NO_COMMON_BLOCKS = YES;
				GCC_OPTIMIZATION_LEVEL = 0;
				GCC_PREPROCESSOR_DEFINITIONS = (
					"DEBUG=1",
					"$(inherited)",
				);
				GCC_WARN_64_TO_32_BIT_CONVERSION = YES;
				GCC_WARN_ABOUT_RETURN_TYPE = YES_ERROR;
				GCC_WARN_UNDECLARED_SELECTOR = YES;
				GCC_WARN_UNINITIALIZED_AUTOS = YES_AGGRESSIVE;
				GCC_WARN_UNUSED_FUNCTION = YES;
				GCC_WARN_UNUSED_VARIABLE = YES;
				IPHONEOS_DEPLOYMENT_TARGET = 10.0;
				MTL_ENABLE_DEBUG_INFO = YES;
				ONLY_ACTIVE_ARCH = YES;
				SDKROOT = iphoneos;
				SWIFT_ACTIVE_COMPILATION_CONDITIONS = DEBUG;
				SWIFT_OPTIMIZATION_LEVEL = "-Onone";
			};
			name = Debug;
		};
		D6948C3D1DA7C84E00B33521 /* Release */ = {
			isa = XCBuildConfiguration;
			buildSettings = {
				ALWAYS_SEARCH_USER_PATHS = NO;
				CLANG_ANALYZER_NONNULL = YES;
				CLANG_CXX_LANGUAGE_STANDARD = "gnu++0x";
				CLANG_CXX_LIBRARY = "libc++";
				CLANG_ENABLE_MODULES = YES;
				CLANG_ENABLE_OBJC_ARC = YES;
				CLANG_WARN_BOOL_CONVERSION = YES;
				CLANG_WARN_CONSTANT_CONVERSION = YES;
				CLANG_WARN_DIRECT_OBJC_ISA_USAGE = YES_ERROR;
				CLANG_WARN_DOCUMENTATION_COMMENTS = YES;
				CLANG_WARN_EMPTY_BODY = YES;
				CLANG_WARN_ENUM_CONVERSION = YES;
				CLANG_WARN_INFINITE_RECURSION = YES;
				CLANG_WARN_INT_CONVERSION = YES;
				CLANG_WARN_OBJC_ROOT_CLASS = YES_ERROR;
				CLANG_WARN_SUSPICIOUS_MOVES = YES;
				CLANG_WARN_UNREACHABLE_CODE = YES;
				CLANG_WARN__DUPLICATE_METHOD_MATCH = YES;
				"CODE_SIGN_IDENTITY[sdk=iphoneos*]" = "iPhone Developer";
				COPY_PHASE_STRIP = NO;
				DEBUG_INFORMATION_FORMAT = "dwarf-with-dsym";
				ENABLE_NS_ASSERTIONS = NO;
				ENABLE_STRICT_OBJC_MSGSEND = YES;
				GCC_C_LANGUAGE_STANDARD = gnu99;
				GCC_NO_COMMON_BLOCKS = YES;
				GCC_WARN_64_TO_32_BIT_CONVERSION = YES;
				GCC_WARN_ABOUT_RETURN_TYPE = YES_ERROR;
				GCC_WARN_UNDECLARED_SELECTOR = YES;
				GCC_WARN_UNINITIALIZED_AUTOS = YES_AGGRESSIVE;
				GCC_WARN_UNUSED_FUNCTION = YES;
				GCC_WARN_UNUSED_VARIABLE = YES;
				IPHONEOS_DEPLOYMENT_TARGET = 10.0;
				MTL_ENABLE_DEBUG_INFO = NO;
				SDKROOT = iphoneos;
				SWIFT_OPTIMIZATION_LEVEL = "-Owholemodule";
				VALIDATE_PRODUCT = YES;
			};
			name = Release;
		};
		D6948C3F1DA7C84E00B33521 /* Debug */ = {
			isa = XCBuildConfiguration;
			buildSettings = {
				ASSETCATALOG_COMPILER_APPICON_NAME = AppIcon;
				DEVELOPMENT_TEAM = C9KCR6E2PZ;
				INFOPLIST_FILE = DizainierSwift/Info.plist;
				LD_RUNPATH_SEARCH_PATHS = "$(inherited) @executable_path/Frameworks";
				PRODUCT_BUNDLE_IDENTIFIER = fr.upmc.sar.DizainierSwift;
				PRODUCT_NAME = "$(TARGET_NAME)";
				SWIFT_VERSION = 3.0;
			};
			name = Debug;
		};
		D6948C401DA7C84E00B33521 /* Release */ = {
			isa = XCBuildConfiguration;
			buildSettings = {
				ASSETCATALOG_COMPILER_APPICON_NAME = AppIcon;
				DEVELOPMENT_TEAM = C9KCR6E2PZ;
				INFOPLIST_FILE = DizainierSwift/Info.plist;
				LD_RUNPATH_SEARCH_PATHS = "$(inherited) @executable_path/Frameworks";
				PRODUCT_BUNDLE_IDENTIFIER = fr.upmc.sar.DizainierSwift;
				PRODUCT_NAME = "$(TARGET_NAME)";
				SWIFT_VERSION = 3.0;
			};
			name = Release;
		};
/* End XCBuildConfiguration section */

/* Begin XCConfigurationList section */
		D6948C271DA7C84D00B33521 /* Build configuration list for PBXProject "DizainierSwift" */ = {
			isa = XCConfigurationList;
			buildConfigurations = (
				D6948C3C1DA7C84E00B33521 /* Debug */,
				D6948C3D1DA7C84E00B33521 /* Release */,
			);
			defaultConfigurationIsVisible = 0;
			defaultConfigurationName = Release;
		};
		D6948C3E1DA7C84E00B33521 /* Build configuration list for PBXNativeTarget "DizainierSwift" */ = {
			isa = XCConfigurationList;
			buildConfigurations = (
				D6948C3F1DA7C84E00B33521 /* Debug */,
				D6948C401DA7C84E00B33521 /* Release */,
			);
			defaultConfigurationIsVisible = 0;
		};
/* End XCConfigurationList section */
	};
	rootObject = D6948C241DA7C84D00B33521 /* Project object */;
}
