// !$*UTF8*$!
{
	archiveVersion = 1;
	classes = {
	};
	objectVersion = 46;
	objects = {

/* Begin PBXBuildFile section */
		D6D92B291DB4FF7B00002398 /* AppDelegate.swift in Sources */ = {isa = PBXBuildFile; fileRef = D6D92B281DB4FF7B00002398 /* AppDelegate.swift */; };
		D6D92B2B1DB4FF7C00002398 /* ViewController.swift in Sources */ = {isa = PBXBuildFile; fileRef = D6D92B2A1DB4FF7B00002398 /* ViewController.swift */; };
		D6D92B2E1DB4FF7C00002398 /* Main.storyboard in Resources */ = {isa = PBXBuildFile; fileRef = D6D92B2C1DB4FF7C00002398 /* Main.storyboard */; };
		D6D92B301DB4FF7C00002398 /* Assets.xcassets in Resources */ = {isa = PBXBuildFile; fileRef = D6D92B2F1DB4FF7C00002398 /* Assets.xcassets */; };
		D6D92B331DB4FF7C00002398 /* LaunchScreen.storyboard in Resources */ = {isa = PBXBuildFile; fileRef = D6D92B311DB4FF7C00002398 /* LaunchScreen.storyboard */; };
		D6D92B3B1DB5022400002398 /* QuestionsReponses.swift in Sources */ = {isa = PBXBuildFile; fileRef = D6D92B3A1DB5022400002398 /* QuestionsReponses.swift */; };
/* End PBXBuildFile section */

/* Begin PBXFileReference section */
		D6D92B251DB4FF7B00002398 /* QuizzSwift.app */ = {isa = PBXFileReference; explicitFileType = wrapper.application; includeInIndex = 0; path = QuizzSwift.app; sourceTree = BUILT_PRODUCTS_DIR; };
		D6D92B281DB4FF7B00002398 /* AppDelegate.swift */ = {isa = PBXFileReference; lastKnownFileType = sourcecode.swift; path = AppDelegate.swift; sourceTree = "<group>"; };
		D6D92B2A1DB4FF7B00002398 /* ViewController.swift */ = {isa = PBXFileReference; lastKnownFileType = sourcecode.swift; path = ViewController.swift; sourceTree = "<group>"; };
		D6D92B2D1DB4FF7C00002398 /* Base */ = {isa = PBXFileReference; lastKnownFileType = file.storyboard; name = Base; path = Base.lproj/Main.storyboard; sourceTree = "<group>"; };
		D6D92B2F1DB4FF7C00002398 /* Assets.xcassets */ = {isa = PBXFileReference; lastKnownFileType = folder.assetcatalog; path = Assets.xcassets; sourceTree = "<group>"; };
		D6D92B321DB4FF7C00002398 /* Base */ = {isa = PBXFileReference; lastKnownFileType = file.storyboard; name = Base; path = Base.lproj/LaunchScreen.storyboard; sourceTree = "<group>"; };
		D6D92B341DB4FF7C00002398 /* Info.plist */ = {isa = PBXFileReference; lastKnownFileType = text.plist.xml; path = Info.plist; sourceTree = "<group>"; };
		D6D92B3A1DB5022400002398 /* QuestionsReponses.swift */ = {isa = PBXFileReference; fileEncoding = 4; lastKnownFileType = sourcecode.swift; path = QuestionsReponses.swift; sourceTree = "<group>"; };
/* End PBXFileReference section */

/* Begin PBXFrameworksBuildPhase section */
		D6D92B221DB4FF7B00002398 /* Frameworks */ = {
			isa = PBXFrameworksBuildPhase;
			buildActionMask = 2147483647;
			files = (
			);
			runOnlyForDeploymentPostprocessing = 0;
		};
/* End PBXFrameworksBuildPhase section */

/* Begin PBXGroup section */
		D6D92B1C1DB4FF7B00002398 = {
			isa = PBXGroup;
			children = (
				D6D92B271DB4FF7B00002398 /* QuizzSwift */,
				D6D92B261DB4FF7B00002398 /* Products */,
			);
			sourceTree = "<group>";
		};
		D6D92B261DB4FF7B00002398 /* Products */ = {
			isa = PBXGroup;
			children = (
				D6D92B251DB4FF7B00002398 /* QuizzSwift.app */,
			);
			name = Products;
			sourceTree = "<group>";
		};
		D6D92B271DB4FF7B00002398 /* QuizzSwift */ = {
			isa = PBXGroup;
			children = (
				D6D92B281DB4FF7B00002398 /* AppDelegate.swift */,
				D6D92B2A1DB4FF7B00002398 /* ViewController.swift */,
				D6D92B2C1DB4FF7C00002398 /* Main.storyboard */,
				D6D92B2F1DB4FF7C00002398 /* Assets.xcassets */,
				D6D92B311DB4FF7C00002398 /* LaunchScreen.storyboard */,
				D6D92B341DB4FF7C00002398 /* Info.plist */,
				D6D92B3A1DB5022400002398 /* QuestionsReponses.swift */,
			);
			path = QuizzSwift;
			sourceTree = "<group>";
		};
/* End PBXGroup section */

/* Begin PBXNativeTarget section */
		D6D92B241DB4FF7B00002398 /* QuizzSwift */ = {
			isa = PBXNativeTarget;
			buildConfigurationList = D6D92B371DB4FF7C00002398 /* Build configuration list for PBXNativeTarget "QuizzSwift" */;
			buildPhases = (
				D6D92B211DB4FF7B00002398 /* Sources */,
				D6D92B221DB4FF7B00002398 /* Frameworks */,
				D6D92B231DB4FF7B00002398 /* Resources */,
			);
			buildRules = (
			);
			dependencies = (
			);
			name = QuizzSwift;
			productName = QuizzSwift;
			productReference = D6D92B251DB4FF7B00002398 /* QuizzSwift.app */;
			productType = "com.apple.product-type.application";
		};
/* End PBXNativeTarget section */

/* Begin PBXProject section */
		D6D92B1D1DB4FF7B00002398 /* Project object */ = {
			isa = PBXProject;
			attributes = {
				LastSwiftUpdateCheck = 0800;
				LastUpgradeCheck = 0800;
				ORGANIZATIONNAME = UPMC;
				TargetAttributes = {
					D6D92B241DB4FF7B00002398 = {
						CreatedOnToolsVersion = 8.0;
						DevelopmentTeam = L99GSY552M;
						ProvisioningStyle = Automatic;
					};
				};
			};
			buildConfigurationList = D6D92B201DB4FF7B00002398 /* Build configuration list for PBXProject "QuizzSwift" */;
			compatibilityVersion = "Xcode 3.2";
			developmentRegion = English;
			hasScannedForEncodings = 0;
			knownRegions = (
				en,
				Base,
			);
			mainGroup = D6D92B1C1DB4FF7B00002398;
			productRefGroup = D6D92B261DB4FF7B00002398 /* Products */;
			projectDirPath = "";
			projectRoot = "";
			targets = (
				D6D92B241DB4FF7B00002398 /* QuizzSwift */,
			);
		};
/* End PBXProject section */

/* Begin PBXResourcesBuildPhase section */
		D6D92B231DB4FF7B00002398 /* Resources */ = {
			isa = PBXResourcesBuildPhase;
			buildActionMask = 2147483647;
			files = (
				D6D92B331DB4FF7C00002398 /* LaunchScreen.storyboard in Resources */,
				D6D92B301DB4FF7C00002398 /* Assets.xcassets in Resources */,
				D6D92B2E1DB4FF7C00002398 /* Main.storyboard in Resources */,
			);
			runOnlyForDeploymentPostprocessing = 0;
		};
/* End PBXResourcesBuildPhase section */

/* Begin PBXSourcesBuildPhase section */
		D6D92B211DB4FF7B00002398 /* Sources */ = {
			isa = PBXSourcesBuildPhase;
			buildActionMask = 2147483647;
			files = (
				D6D92B2B1DB4FF7C00002398 /* ViewController.swift in Sources */,
				D6D92B3B1DB5022400002398 /* QuestionsReponses.swift in Sources */,
				D6D92B291DB4FF7B00002398 /* AppDelegate.swift in Sources */,
			);
			runOnlyForDeploymentPostprocessing = 0;
		};
/* End PBXSourcesBuildPhase section */

/* Begin PBXVariantGroup section */
		D6D92B2C1DB4FF7C00002398 /* Main.storyboard */ = {
			isa = PBXVariantGroup;
			children = (
				D6D92B2D1DB4FF7C00002398 /* Base */,
			);
			name = Main.storyboard;
			sourceTree = "<group>";
		};
		D6D92B311DB4FF7C00002398 /* LaunchScreen.storyboard */ = {
			isa = PBXVariantGroup;
			children = (
				D6D92B321DB4FF7C00002398 /* Base */,
			);
			name = LaunchScreen.storyboard;
			sourceTree = "<group>";
		};
/* End PBXVariantGroup section */

/* Begin XCBuildConfiguration section */
		D6D92B351DB4FF7C00002398 /* Debug */ = {
			isa = XCBuildConfiguration;
			buildSettings = {
				ALWAYS_SEARCH_USER_PATHS = NO;
				CLANG_ANALYZER_NONNULL = YES;
				CLANG_CXX_LANGUAGE_STANDARD = "gnu++0x";
				CLANG_CXX_LIBRARY = "libc++";
				CLANG_ENABLE_MODULES = YES;
				CLANG_ENABLE_OBJC_ARC = YES;
				CLANG_WARN_BOOL_CONVERSION = YES;
				CLANG_WARN_CONSTANT_CONVERSION = YES;
				CLANG_WARN_DIRECT_OBJC_ISA_USAGE = YES_ERROR;
				CLANG_WARN_DOCUMENTATION_COMMENTS = YES;
				CLANG_WARN_EMPTY_BODY = YES;
				CLANG_WARN_ENUM_CONVERSION = YES;
				CLANG_WARN_INFINITE_RECURSION = YES;
				CLANG_WARN_INT_CONVERSION = YES;
				CLANG_WARN_OBJC_ROOT_CLASS = YES_ERROR;
				CLANG_WARN_SUSPICIOUS_MOVES = YES;
				CLANG_WARN_UNREACHABLE_CODE = YES;
				CLANG_WARN__DUPLICATE_METHOD_MATCH = YES;
				"CODE_SIGN_IDENTITY[sdk=iphoneos*]" = "iPhone Developer";
				COPY_PHASE_STRIP = NO;
				DEBUG_INFORMATION_FORMAT = dwarf;
				ENABLE_STRICT_OBJC_MSGSEND = YES;
				ENABLE_TESTABILITY = YES;
				GCC_C_LANGUAGE_STANDARD = gnu99;
				GCC_DYNAMIC_NO_PIC = NO;
				GCC_NO_COMMON_BLOCKS = YES;
				GCC_OPTIMIZATION_LEVEL = 0;
				GCC_PREPROCESSOR_DEFINITIONS = (
					"DEBUG=1",
					"$(inherited)",
				);
				GCC_WARN_64_TO_32_BIT_CONVERSION = YES;
				GCC_WARN_ABOUT_RETURN_TYPE = YES_ERROR;
				GCC_WARN_UNDECLARED_SELECTOR = YES;
				GCC_WARN_UNINITIALIZED_AUTOS = YES_AGGRESSIVE;
				GCC_WARN_UNUSED_FUNCTION = YES;
				GCC_WARN_UNUSED_VARIABLE = YES;
				IPHONEOS_DEPLOYMENT_TARGET = 10.0;
				MTL_ENABLE_DEBUG_INFO = YES;
				ONLY_ACTIVE_ARCH = YES;
				SDKROOT = iphoneos;
				SWIFT_ACTIVE_COMPILATION_CONDITIONS = DEBUG;
				SWIFT_OPTIMIZATION_LEVEL = "-Onone";
				TARGETED_DEVICE_FAMILY = "1,2";
			};
			name = Debug;
		};
		D6D92B361DB4FF7C00002398 /* Release */ = {
			isa = XCBuildConfiguration;
			buildSettings = {
				ALWAYS_SEARCH_USER_PATHS = NO;
				CLANG_ANALYZER_NONNULL = YES;
				CLANG_CXX_LANGUAGE_STANDARD = "gnu++0x";
				CLANG_CXX_LIBRARY = "libc++";
				CLANG_ENABLE_MODULES = YES;
				CLANG_ENABLE_OBJC_ARC = YES;
				CLANG_WARN_BOOL_CONVERSION = YES;
				CLANG_WARN_CONSTANT_CONVERSION = YES;
				CLANG_WARN_DIRECT_OBJC_ISA_USAGE = YES_ERROR;
				CLANG_WARN_DOCUMENTATION_COMMENTS = YES;
				CLANG_WARN_EMPTY_BODY = YES;
				CLANG_WARN_ENUM_CONVERSION = YES;
				CLANG_WARN_INFINITE_RECURSION = YES;
				CLANG_WARN_INT_CONVERSION = YES;
				CLANG_WARN_OBJC_ROOT_CLASS = YES_ERROR;
				CLANG_WARN_SUSPICIOUS_MOVES = YES;
				CLANG_WARN_UNREACHABLE_CODE = YES;
				CLANG_WARN__DUPLICATE_METHOD_MATCH = YES;
				"CODE_SIGN_IDENTITY[sdk=iphoneos*]" = "iPhone Developer";
				COPY_PHASE_STRIP = NO;
				DEBUG_INFORMATION_FORMAT = "dwarf-with-dsym";
				ENABLE_NS_ASSERTIONS = NO;
				ENABLE_STRICT_OBJC_MSGSEND = YES;
				GCC_C_LANGUAGE_STANDARD = gnu99;
				GCC_NO_COMMON_BLOCKS = YES;
				GCC_WARN_64_TO_32_BIT_CONVERSION = YES;
				GCC_WARN_ABOUT_RETURN_TYPE = YES_ERROR;
				GCC_WARN_UNDECLARED_SELECTOR = YES;
				GCC_WARN_UNINITIALIZED_AUTOS = YES_AGGRESSIVE;
				GCC_WARN_UNUSED_FUNCTION = YES;
				GCC_WARN_UNUSED_VARIABLE = YES;
				IPHONEOS_DEPLOYMENT_TARGET = 10.0;
				MTL_ENABLE_DEBUG_INFO = NO;
				SDKROOT = iphoneos;
				SWIFT_OPTIMIZATION_LEVEL = "-Owholemodule";
				TARGETED_DEVICE_FAMILY = "1,2";
				VALIDATE_PRODUCT = YES;
			};
			name = Release;
		};
		D6D92B381DB4FF7C00002398 /* Debug */ = {
			isa = XCBuildConfiguration;
			buildSettings = {
				ASSETCATALOG_COMPILER_APPICON_NAME = AppIcon;
				DEVELOPMENT_TEAM = L99GSY552M;
				INFOPLIST_FILE = QuizzSwift/Info.plist;
				LD_RUNPATH_SEARCH_PATHS = "$(inherited) @executable_path/Frameworks";
				PRODUCT_BUNDLE_IDENTIFIER = fr.upmc.sar.QuizzSwift;
				PRODUCT_NAME = "$(TARGET_NAME)";
				SWIFT_VERSION = 3.0;
			};
			name = Debug;
		};
		D6D92B391DB4FF7C00002398 /* Release */ = {
			isa = XCBuildConfiguration;
			buildSettings = {
				ASSETCATALOG_COMPILER_APPICON_NAME = AppIcon;
				DEVELOPMENT_TEAM = L99GSY552M;
				INFOPLIST_FILE = QuizzSwift/Info.plist;
				LD_RUNPATH_SEARCH_PATHS = "$(inherited) @executable_path/Frameworks";
				PRODUCT_BUNDLE_IDENTIFIER = fr.upmc.sar.QuizzSwift;
				PRODUCT_NAME = "$(TARGET_NAME)";
				SWIFT_VERSION = 3.0;
			};
			name = Release;
		};
/* End XCBuildConfiguration section */

/* Begin XCConfigurationList section */
		D6D92B201DB4FF7B00002398 /* Build configuration list for PBXProject "QuizzSwift" */ = {
			isa = XCConfigurationList;
			buildConfigurations = (
				D6D92B351DB4FF7C00002398 /* Debug */,
				D6D92B361DB4FF7C00002398 /* Release */,
			);
			defaultConfigurationIsVisible = 0;
			defaultConfigurationName = Release;
		};
		D6D92B371DB4FF7C00002398 /* Build configuration list for PBXNativeTarget "QuizzSwift" */ = {
			isa = XCConfigurationList;
			buildConfigurations = (
				D6D92B381DB4FF7C00002398 /* Debug */,
				D6D92B391DB4FF7C00002398 /* Release */,
			);
			defaultConfigurationIsVisible = 0;
		};
/* End XCConfigurationList section */
	};
	rootObject = D6D92B1D1DB4FF7B00002398 /* Project object */;
}
