// !$*UTF8*$!
{
	archiveVersion = 1;
	classes = {
	};
	objectVersion = 46;
	objects = {

/* Begin PBXBuildFile section */
		D6D3EE851D9C14500030ADFE /* main.m in Sources */ = {isa = PBXBuildFile; fileRef = D6D3EE841D9C14500030ADFE /* main.m */; };
		D6D3EE881D9C14500030ADFE /* AppDelegate.m in Sources */ = {isa = PBXBuildFile; fileRef = D6D3EE871D9C14500030ADFE /* AppDelegate.m */; };
		D6D3EE8B1D9C14500030ADFE /* ViewController.m in Sources */ = {isa = PBXBuildFile; fileRef = D6D3EE8A1D9C14500030ADFE /* ViewController.m */; settings = {COMPILER_FLAGS = "-fno-objc-arc"; }; };
		D6D3EE8E1D9C14500030ADFE /* Main.storyboard in Resources */ = {isa = PBXBuildFile; fileRef = D6D3EE8C1D9C14500030ADFE /* Main.storyboard */; };
		D6D3EE901D9C14500030ADFE /* Assets.xcassets in Resources */ = {isa = PBXBuildFile; fileRef = D6D3EE8F1D9C14500030ADFE /* Assets.xcassets */; };
		D6D3EE931D9C14500030ADFE /* LaunchScreen.storyboard in Resources */ = {isa = PBXBuildFile; fileRef = D6D3EE911D9C14500030ADFE /* LaunchScreen.storyboard */; };
/* End PBXBuildFile section */

/* Begin PBXFileReference section */
		D6D3EE801D9C14500030ADFE /* DizainierC.app */ = {isa = PBXFileReference; explicitFileType = wrapper.application; includeInIndex = 0; path = DizainierC.app; sourceTree = BUILT_PRODUCTS_DIR; };
		D6D3EE841D9C14500030ADFE /* main.m */ = {isa = PBXFileReference; lastKnownFileType = sourcecode.c.objc; path = main.m; sourceTree = "<group>"; };
		D6D3EE861D9C14500030ADFE /* AppDelegate.h */ = {isa = PBXFileReference; lastKnownFileType = sourcecode.c.h; path = AppDelegate.h; sourceTree = "<group>"; };
		D6D3EE871D9C14500030ADFE /* AppDelegate.m */ = {isa = PBXFileReference; lastKnownFileType = sourcecode.c.objc; path = AppDelegate.m; sourceTree = "<group>"; };
		D6D3EE891D9C14500030ADFE /* ViewController.h */ = {isa = PBXFileReference; lastKnownFileType = sourcecode.c.h; path = ViewController.h; sourceTree = "<group>"; };
		D6D3EE8A1D9C14500030ADFE /* ViewController.m */ = {isa = PBXFileReference; lastKnownFileType = sourcecode.c.objc; path = ViewController.m; sourceTree = "<group>"; };
		D6D3EE8D1D9C14500030ADFE /* Base */ = {isa = PBXFileReference; lastKnownFileType = file.storyboard; name = Base; path = Base.lproj/Main.storyboard; sourceTree = "<group>"; };
		D6D3EE8F1D9C14500030ADFE /* Assets.xcassets */ = {isa = PBXFileReference; lastKnownFileType = folder.assetcatalog; path = Assets.xcassets; sourceTree = "<group>"; };
		D6D3EE921D9C14500030ADFE /* Base */ = {isa = PBXFileReference; lastKnownFileType = file.storyboard; name = Base; path = Base.lproj/LaunchScreen.storyboard; sourceTree = "<group>"; };
		D6D3EE941D9C14500030ADFE /* Info.plist */ = {isa = PBXFileReference; lastKnownFileType = text.plist.xml; path = Info.plist; sourceTree = "<group>"; };
/* End PBXFileReference section */

/* Begin PBXFrameworksBuildPhase section */
		D6D3EE7D1D9C14500030ADFE /* Frameworks */ = {
			isa = PBXFrameworksBuildPhase;
			buildActionMask = 2147483647;
			files = (
			);
			runOnlyForDeploymentPostprocessing = 0;
		};
/* End PBXFrameworksBuildPhase section */

/* Begin PBXGroup section */
		D6D3EE771D9C14500030ADFE = {
			isa = PBXGroup;
			children = (
				D6D3EE821D9C14500030ADFE /* DizainierC */,
				D6D3EE811D9C14500030ADFE /* Products */,
			);
			sourceTree = "<group>";
		};
		D6D3EE811D9C14500030ADFE /* Products */ = {
			isa = PBXGroup;
			children = (
				D6D3EE801D9C14500030ADFE /* DizainierC.app */,
			);
			name = Products;
			sourceTree = "<group>";
		};
		D6D3EE821D9C14500030ADFE /* DizainierC */ = {
			isa = PBXGroup;
			children = (
				D6D3EE861D9C14500030ADFE /* AppDelegate.h */,
				D6D3EE871D9C14500030ADFE /* AppDelegate.m */,
				D6D3EE891D9C14500030ADFE /* ViewController.h */,
				D6D3EE8A1D9C14500030ADFE /* ViewController.m */,
				D6D3EE8C1D9C14500030ADFE /* Main.storyboard */,
				D6D3EE8F1D9C14500030ADFE /* Assets.xcassets */,
				D6D3EE911D9C14500030ADFE /* LaunchScreen.storyboard */,
				D6D3EE941D9C14500030ADFE /* Info.plist */,
				D6D3EE831D9C14500030ADFE /* Supporting Files */,
			);
			path = DizainierC;
			sourceTree = "<group>";
		};
		D6D3EE831D9C14500030ADFE /* Supporting Files */ = {
			isa = PBXGroup;
			children = (
				D6D3EE841D9C14500030ADFE /* main.m */,
			);
			name = "Supporting Files";
			sourceTree = "<group>";
		};
/* End PBXGroup section */

/* Begin PBXNativeTarget section */
		D6D3EE7F1D9C14500030ADFE /* DizainierC */ = {
			isa = PBXNativeTarget;
			buildConfigurationList = D6D3EE971D9C14500030ADFE /* Build configuration list for PBXNativeTarget "DizainierC" */;
			buildPhases = (
				D6D3EE7C1D9C14500030ADFE /* Sources */,
				D6D3EE7D1D9C14500030ADFE /* Frameworks */,
				D6D3EE7E1D9C14500030ADFE /* Resources */,
			);
			buildRules = (
			);
			dependencies = (
			);
			name = DizainierC;
			productName = DizainierC;
			productReference = D6D3EE801D9C14500030ADFE /* DizainierC.app */;
			productType = "com.apple.product-type.application";
		};
/* End PBXNativeTarget section */

/* Begin PBXProject section */
		D6D3EE781D9C14500030ADFE /* Project object */ = {
			isa = PBXProject;
			attributes = {
				LastUpgradeCheck = 0800;
				ORGANIZATIONNAME = UPMC;
				TargetAttributes = {
					D6D3EE7F1D9C14500030ADFE = {
						CreatedOnToolsVersion = 8.0;
						DevelopmentTeam = L99GSY552M;
						ProvisioningStyle = Automatic;
					};
				};
			};
			buildConfigurationList = D6D3EE7B1D9C14500030ADFE /* Build configuration list for PBXProject "DizainierC" */;
			compatibilityVersion = "Xcode 3.2";
			developmentRegion = English;
			hasScannedForEncodings = 0;
			knownRegions = (
				en,
				Base,
			);
			mainGroup = D6D3EE771D9C14500030ADFE;
			productRefGroup = D6D3EE811D9C14500030ADFE /* Products */;
			projectDirPath = "";
			projectRoot = "";
			targets = (
				D6D3EE7F1D9C14500030ADFE /* DizainierC */,
			);
		};
/* End PBXProject section */

/* Begin PBXResourcesBuildPhase section */
		D6D3EE7E1D9C14500030ADFE /* Resources */ = {
			isa = PBXResourcesBuildPhase;
			buildActionMask = 2147483647;
			files = (
				D6D3EE931D9C14500030ADFE /* LaunchScreen.storyboard in Resources */,
				D6D3EE901D9C14500030ADFE /* Assets.xcassets in Resources */,
				D6D3EE8E1D9C14500030ADFE /* Main.storyboard in Resources */,
			);
			runOnlyForDeploymentPostprocessing = 0;
		};
/* End PBXResourcesBuildPhase section */

/* Begin PBXSourcesBuildPhase section */
		D6D3EE7C1D9C14500030ADFE /* Sources */ = {
			isa = PBXSourcesBuildPhase;
			buildActionMask = 2147483647;
			files = (
				D6D3EE8B1D9C14500030ADFE /* ViewController.m in Sources */,
				D6D3EE881D9C14500030ADFE /* AppDelegate.m in Sources */,
				D6D3EE851D9C14500030ADFE /* main.m in Sources */,
			);
			runOnlyForDeploymentPostprocessing = 0;
		};
/* End PBXSourcesBuildPhase section */

/* Begin PBXVariantGroup section */
		D6D3EE8C1D9C14500030ADFE /* Main.storyboard */ = {
			isa = PBXVariantGroup;
			children = (
				D6D3EE8D1D9C14500030ADFE /* Base */,
			);
			name = Main.storyboard;
			sourceTree = "<group>";
		};
		D6D3EE911D9C14500030ADFE /* LaunchScreen.storyboard */ = {
			isa = PBXVariantGroup;
			children = (
				D6D3EE921D9C14500030ADFE /* Base */,
			);
			name = LaunchScreen.storyboard;
			sourceTree = "<group>";
		};
/* End PBXVariantGroup section */

/* Begin XCBuildConfiguration section */
		D6D3EE951D9C14500030ADFE /* Debug */ = {
			isa = XCBuildConfiguration;
			buildSettings = {
				ALWAYS_SEARCH_USER_PATHS = NO;
				CLANG_ANALYZER_NONNULL = YES;
				CLANG_CXX_LANGUAGE_STANDARD = "gnu++0x";
				CLANG_CXX_LIBRARY = "libc++";
				CLANG_ENABLE_MODULES = YES;
				CLANG_ENABLE_OBJC_ARC = YES;
				CLANG_WARN_BOOL_CONVERSION = YES;
				CLANG_WARN_CONSTANT_CONVERSION = YES;
				CLANG_WARN_DIRECT_OBJC_ISA_USAGE = YES_ERROR;
				CLANG_WARN_DOCUMENTATION_COMMENTS = YES;
				CLANG_WARN_EMPTY_BODY = YES;
				CLANG_WARN_ENUM_CONVERSION = YES;
				CLANG_WARN_INFINITE_RECURSION = YES;
				CLANG_WARN_INT_CONVERSION = YES;
				CLANG_WARN_OBJC_ROOT_CLASS = YES_ERROR;
				CLANG_WARN_SUSPICIOUS_MOVES = YES;
				CLANG_WARN_UNREACHABLE_CODE = YES;
				CLANG_WARN__DUPLICATE_METHOD_MATCH = YES;
				"CODE_SIGN_IDENTITY[sdk=iphoneos*]" = "iPhone Developer";
				COPY_PHASE_STRIP = NO;
				DEBUG_INFORMATION_FORMAT = dwarf;
				ENABLE_STRICT_OBJC_MSGSEND = YES;
				ENABLE_TESTABILITY = YES;
				GCC_C_LANGUAGE_STANDARD = gnu99;
				GCC_DYNAMIC_NO_PIC = NO;
				GCC_NO_COMMON_BLOCKS = YES;
				GCC_OPTIMIZATION_LEVEL = 0;
				GCC_PREPROCESSOR_DEFINITIONS = (
					"DEBUG=1",
					"$(inherited)",
				);
				GCC_WARN_64_TO_32_BIT_CONVERSION = YES;
				GCC_WARN_ABOUT_RETURN_TYPE = YES_ERROR;
				GCC_WARN_UNDECLARED_SELECTOR = YES;
				GCC_WARN_UNINITIALIZED_AUTOS = YES_AGGRESSIVE;
				GCC_WARN_UNUSED_FUNCTION = YES;
				GCC_WARN_UNUSED_VARIABLE = YES;
				IPHONEOS_DEPLOYMENT_TARGET = 10.0;
				MTL_ENABLE_DEBUG_INFO = YES;
				ONLY_ACTIVE_ARCH = YES;
				SDKROOT = iphoneos;
				TARGETED_DEVICE_FAMILY = "1,2";
			};
			name = Debug;
		};
		D6D3EE961D9C14500030ADFE /* Release */ = {
			isa = XCBuildConfiguration;
			buildSettings = {
				ALWAYS_SEARCH_USER_PATHS = NO;
				CLANG_ANALYZER_NONNULL = YES;
				CLANG_CXX_LANGUAGE_STANDARD = "gnu++0x";
				CLANG_CXX_LIBRARY = "libc++";
				CLANG_ENABLE_MODULES = YES;
				CLANG_ENABLE_OBJC_ARC = YES;
				CLANG_WARN_BOOL_CONVERSION = YES;
				CLANG_WARN_CONSTANT_CONVERSION = YES;
				CLANG_WARN_DIRECT_OBJC_ISA_USAGE = YES_ERROR;
				CLANG_WARN_DOCUMENTATION_COMMENTS = YES;
				CLANG_WARN_EMPTY_BODY = YES;
				CLANG_WARN_ENUM_CONVERSION = YES;
				CLANG_WARN_INFINITE_RECURSION = YES;
				CLANG_WARN_INT_CONVERSION = YES;
				CLANG_WARN_OBJC_ROOT_CLASS = YES_ERROR;
				CLANG_WARN_SUSPICIOUS_MOVES = YES;
				CLANG_WARN_UNREACHABLE_CODE = YES;
				CLANG_WARN__DUPLICATE_METHOD_MATCH = YES;
				"CODE_SIGN_IDENTITY[sdk=iphoneos*]" = "iPhone Developer";
				COPY_PHASE_STRIP = NO;
				DEBUG_INFORMATION_FORMAT = "dwarf-with-dsym";
				ENABLE_NS_ASSERTIONS = NO;
				ENABLE_STRICT_OBJC_MSGSEND = YES;
				GCC_C_LANGUAGE_STANDARD = gnu99;
				GCC_NO_COMMON_BLOCKS = YES;
				GCC_WARN_64_TO_32_BIT_CONVERSION = YES;
				GCC_WARN_ABOUT_RETURN_TYPE = YES_ERROR;
				GCC_WARN_UNDECLARED_SELECTOR = YES;
				GCC_WARN_UNINITIALIZED_AUTOS = YES_AGGRESSIVE;
				GCC_WARN_UNUSED_FUNCTION = YES;
				GCC_WARN_UNUSED_VARIABLE = YES;
				IPHONEOS_DEPLOYMENT_TARGET = 10.0;
				MTL_ENABLE_DEBUG_INFO = NO;
				SDKROOT = iphoneos;
				TARGETED_DEVICE_FAMILY = "1,2";
				VALIDATE_PRODUCT = YES;
			};
			name = Release;
		};
		D6D3EE981D9C14500030ADFE /* Debug */ = {
			isa = XCBuildConfiguration;
			buildSettings = {
				ASSETCATALOG_COMPILER_APPICON_NAME = AppIcon;
				CLANG_ENABLE_OBJC_ARC = NO;
				DEVELOPMENT_TEAM = L99GSY552M;
				INFOPLIST_FILE = DizainierC/Info.plist;
				LD_RUNPATH_SEARCH_PATHS = "$(inherited) @executable_path/Frameworks";
				PRODUCT_BUNDLE_IDENTIFIER = fr.upmc.sar.DizainierC;
				PRODUCT_NAME = "$(TARGET_NAME)";
			};
			name = Debug;
		};
		D6D3EE991D9C14500030ADFE /* Release */ = {
			isa = XCBuildConfiguration;
			buildSettings = {
				ASSETCATALOG_COMPILER_APPICON_NAME = AppIcon;
				CLANG_ENABLE_OBJC_ARC = NO;
				DEVELOPMENT_TEAM = L99GSY552M;
				INFOPLIST_FILE = DizainierC/Info.plist;
				LD_RUNPATH_SEARCH_PATHS = "$(inherited) @executable_path/Frameworks";
				PRODUCT_BUNDLE_IDENTIFIER = fr.upmc.sar.DizainierC;
				PRODUCT_NAME = "$(TARGET_NAME)";
			};
			name = Release;
		};
/* End XCBuildConfiguration section */

/* Begin XCConfigurationList section */
		D6D3EE7B1D9C14500030ADFE /* Build configuration list for PBXProject "DizainierC" */ = {
			isa = XCConfigurationList;
			buildConfigurations = (
				D6D3EE951D9C14500030ADFE /* Debug */,
				D6D3EE961D9C14500030ADFE /* Release */,
			);
			defaultConfigurationIsVisible = 0;
			defaultConfigurationName = Release;
		};
		D6D3EE971D9C14500030ADFE /* Build configuration list for PBXNativeTarget "DizainierC" */ = {
			isa = XCConfigurationList;
			buildConfigurations = (
				D6D3EE981D9C14500030ADFE /* Debug */,
				D6D3EE991D9C14500030ADFE /* Release */,
			);
			defaultConfigurationIsVisible = 0;
			defaultConfigurationName = Release;
		};
/* End XCConfigurationList section */
	};
	rootObject = D6D3EE781D9C14500030ADFE /* Project object */;
}
